
Microsoft Visual Studio Solution File, Format Version 12.00
# Visual Studio Version 16
VisualStudioVersion = 16.0.30804.86
MinimumVisualStudioVersion = 10.0.40219.1
Project("{FAE04EC0-301F-11D3-BF4B-00C04F79EFBC}") = "FlyGame", "FlyGame\FlyGame.csproj", "{E40C6FAC-8752-4788-BE7F-9A8BB62AFEF0}"
EndProject
Global
	GlobalSection(SolutionConfigurationPlatforms) = preSolution
		Debug|Any CPU = Debug|Any CPU
		Release|Any CPU = Release|Any CPU
	EndGlobalSection
	GlobalSection(ProjectConfigurationPlatforms) = postSolution
		{E40C6FAC-8752-4788-BE7F-9A8BB62AFEF0}.Debug|Any CPU.ActiveCfg = Debug|Any CPU
		{E40C6FAC-8752-4788-BE7F-9A8BB62AFEF0}.Debug|Any CPU.Build.0 = Debug|Any CPU
		{E40C6FAC-8752-4788-BE7F-9A8BB62AFEF0}.Release|Any CPU.ActiveCfg = Release|Any CPU
		{E40C6FAC-8752-4788-BE7F-9A8BB62AFEF0}.Release|Any CPU.Build.0 = Release|Any CPU
	EndGlobalSection
	GlobalSection(SolutionProperties) = preSolution
		HideSolutionNode = FALSE
	EndGlobalSection
	GlobalSection(ExtensibilityGlobals) = postSolution
		SolutionGuid = {E5A6B075-5D00-4DDD-9953-6CECAA179937}
	EndGlobalSection
EndGlobal
